PODS:
  - Capacitor (5.2.2):
    - CapacitorCordova
  - CapacitorCordova (5.2.2)

DEPENDENCIES:
  - "Capacitor (from `../../node_modules/.pnpm/@capacitor+ios@5.2.2_@capacitor+core@5.2.2/node_modules/@capacitor/ios`)"
  - "CapacitorCordova (from `../../node_modules/.pnpm/@capacitor+ios@5.2.2_@capacitor+core@5.2.2/node_modules/@capacitor/ios`)"

EXTERNAL SOURCES:
  Capacitor:
    :path: "../../node_modules/.pnpm/@capacitor+ios@5.2.2_@capacitor+core@5.2.2/node_modules/@capacitor/ios"
  CapacitorCordova:
    :path: "../../node_modules/.pnpm/@capacitor+ios@5.2.2_@capacitor+core@5.2.2/node_modules/@capacitor/ios"

SPEC CHECKSUMS:
  Capacitor: 070b18988e0f566728ae9a5eb3a7a974595f1626
  CapacitorCordova: 3773395d5331add072300ff6041ca2cf7b93cb0b

PODFILE CHECKSUM: bece666e819564b71f741cb768506984893cde55

COCOAPODS: 1.12.0
